
Microsoft Visual Studio Solution File, Format Version 12.00
# Visual Studio 14
VisualStudioVersion = 14.0.22310.1
MinimumVisualStudioVersion = 10.0.40219.1
Project("{FAE04EC0-301F-11D3-BF4B-00C04F79EFBC}") = "IntroductiontoAlgorithms", "IntroductiontoAlgorithms\IntroductiontoAlgorithms.csproj", "{B6F88846-F40B-49A4-B1AE-8D4BABD25047}"
EndProject
Project("{FAE04EC0-301F-11D3-BF4B-00C04F79EFBC}") = "IntroductiontoAlgorithmsTests", "IntroductiontoAlgorithmsTests\IntroductiontoAlgorithmsTests.csproj", "{AD33C404-33B9-4B39-8B28-56F23804F002}"
EndProject
Project("{2150E333-8FDC-42A3-9474-1A3956D46DE8}") = "Solution Items", "Solution Items", "{13B265CF-4636-4B64-956A-0A903387C018}"
	ProjectSection(SolutionItems) = preProject
		..\README.md = ..\README.md
	EndProjectSection
EndProject
Global
	GlobalSection(SolutionConfigurationPlatforms) = preSolution
		Debug|Any CPU = Debug|Any CPU
		Release|Any CPU = Release|Any CPU
	EndGlobalSection
	GlobalSection(ProjectConfigurationPlatforms) = postSolution
		{B6F88846-F40B-49A4-B1AE-8D4BABD25047}.Debug|Any CPU.ActiveCfg = Debug|Any CPU
		{B6F88846-F40B-49A4-B1AE-8D4BABD25047}.Debug|Any CPU.Build.0 = Debug|Any CPU
		{B6F88846-F40B-49A4-B1AE-8D4BABD25047}.Release|Any CPU.ActiveCfg = Release|Any CPU
		{B6F88846-F40B-49A4-B1AE-8D4BABD25047}.Release|Any CPU.Build.0 = Release|Any CPU
		{AD33C404-33B9-4B39-8B28-56F23804F002}.Debug|Any CPU.ActiveCfg = Debug|Any CPU
		{AD33C404-33B9-4B39-8B28-56F23804F002}.Debug|Any CPU.Build.0 = Debug|Any CPU
		{AD33C404-33B9-4B39-8B28-56F23804F002}.Release|Any CPU.ActiveCfg = Release|Any CPU
		{AD33C404-33B9-4B39-8B28-56F23804F002}.Release|Any CPU.Build.0 = Release|Any CPU
	EndGlobalSection
	GlobalSection(SolutionProperties) = preSolution
		HideSolutionNode = FALSE
	EndGlobalSection
EndGlobal
